{
  "originHash" : "2ba95ad6d7d0a869040c6036ec5076a37f3c14ddf0fe947c804836e51f0a9bb6",
  "pins" : [
    {
      "identity" : "syzygy-foundation-ios",
      "kind" : "remoteSourceControl",
      "location" : "https://github.com/Syzygy-Hub/syzygy-foundation-ios",
      "state" : {
        "revision" : "93b47869c991aa3b7dfaa46da720e75cf7cd7c68",
        "version" : "1.2.0"
      }
    }
  ],
  "version" : 3
}
