{
  "originHash" : "cc0df138affa974a979b8b71e87544aa0efe04183fa466e7a477c0aa40b092b4",
  "pins" : [
    {
      "identity" : "syzygy-foundation-ios",
      "kind" : "remoteSourceControl",
      "location" : "https://github.com/Syzygy-Hub/syzygy-foundation-ios",
      "state" : {
        "revision" : "33c3aca02540094cf8e3c2b90bfab7059b83f466",
        "version" : "1.1.0"
      }
    }
  ],
  "version" : 3
}
