{
  "originHash" : "82807fb5610ad8fe5d08e07106e64d3b22e16e8c78e786db7b4fb86c55729c08",
  "pins" : [
    {
      "identity" : "syzygy-foundation-ios",
      "kind" : "remoteSourceControl",
      "location" : "https://github.com/Syzygy-Hub/syzygy-foundation-ios",
      "state" : {
        "revision" : "26cdd82be96d302748d7d3fb8b721e1eb336f21e",
        "version" : "3.0.0"
      }
    }
  ],
  "version" : 3
}
